// !$*UTF8*$!
{
	archiveVersion = 1;
	classes = {
	};
	objectVersion = 56;
	objects = {

/* Begin PBXBuildFile section */
		6A216A5D2B1F85F100DC661D /* firstMapApp.swift in Sources */ = {isa = PBXBuildFile; fileRef = 6A216A5C2B1F85F100DC661D /* firstMapApp.swift */; };
		6A216A5F2B1F85F100DC661D /* ContentView.swift in Sources */ = {isa = PBXBuildFile; fileRef = 6A216A5E2B1F85F100DC661D /* ContentView.swift */; };
		6A216A612B1F85F400DC661D /* Assets.xcassets in Resources */ = {isa = PBXBuildFile; fileRef = 6A216A602B1F85F400DC661D /* Assets.xcassets */; };
		6A216A642B1F85F400DC661D /* Preview Assets.xcassets in Resources */ = {isa = PBXBuildFile; fileRef = 6A216A632B1F85F400DC661D /* Preview Assets.xcassets */; };
		6A216A6B2B1F871800DC661D /* maps.swift in Sources */ = {isa = PBXBuildFile; fileRef = 6A216A6A2B1F871800DC661D /* maps.swift */; };
		D17903B72B284AA1004F5118 /* Localizable.strings in Resources */ = {isa = PBXBuildFile; fileRef = D17903B92B284AA1004F5118 /* Localizable.strings */; };
		D17903BE2B288AF1004F5118 /* DataModel.xcdatamodeld in Sources */ = {isa = PBXBuildFile; fileRef = D17903BC2B288AF1004F5118 /* DataModel.xcdatamodeld */; };
		D17903C12B288C7C004F5118 /* MarkerEntity+CoreDataClass.swift in Sources */ = {isa = PBXBuildFile; fileRef = D17903BF2B288C7C004F5118 /* MarkerEntity+CoreDataClass.swift */; };
		D17903C22B288C7C004F5118 /* MarkerEntity+CoreDataProperties.swift in Sources */ = {isa = PBXBuildFile; fileRef = D17903C02B288C7C004F5118 /* MarkerEntity+CoreDataProperties.swift */; };
		D17903C42B288F02004F5118 /* DataController.swift in Sources */ = {isa = PBXBuildFile; fileRef = D17903C32B288F02004F5118 /* DataController.swift */; };
/* End PBXBuildFile section */

/* Begin PBXFileReference section */
		6A216A592B1F85F100DC661D /* firstMap.app */ = {isa = PBXFileReference; explicitFileType = wrapper.application; includeInIndex = 0; path = firstMap.app; sourceTree = BUILT_PRODUCTS_DIR; };
		6A216A5C2B1F85F100DC661D /* firstMapApp.swift */ = {isa = PBXFileReference; lastKnownFileType = sourcecode.swift; path = firstMapApp.swift; sourceTree = "<group>"; };
		6A216A5E2B1F85F100DC661D /* ContentView.swift */ = {isa = PBXFileReference; lastKnownFileType = sourcecode.swift; path = ContentView.swift; sourceTree = "<group>"; };
		6A216A602B1F85F400DC661D /* Assets.xcassets */ = {isa = PBXFileReference; lastKnownFileType = folder.assetcatalog; path = Assets.xcassets; sourceTree = "<group>"; };
		6A216A632B1F85F400DC661D /* Preview Assets.xcassets */ = {isa = PBXFileReference; lastKnownFileType = folder.assetcatalog; path = "Preview Assets.xcassets"; sourceTree = "<group>"; };
		6A216A6A2B1F871800DC661D /* maps.swift */ = {isa = PBXFileReference; lastKnownFileType = sourcecode.swift; path = maps.swift; sourceTree = "<group>"; };
		6A216A6C2B1F88A200DC661D /* Info.plist */ = {isa = PBXFileReference; lastKnownFileType = text.plist; path = Info.plist; sourceTree = "<group>"; };
		D17903B82B284AA1004F5118 /* en */ = {isa = PBXFileReference; lastKnownFileType = text.plist.strings; name = en; path = en.lproj/Localizable.strings; sourceTree = "<group>"; };
		D17903BA2B284EC7004F5118 /* fi */ = {isa = PBXFileReference; lastKnownFileType = text.plist.strings; name = fi; path = fi.lproj/Localizable.strings; sourceTree = "<group>"; };
		D17903BB2B287920004F5118 /* sv */ = {isa = PBXFileReference; lastKnownFileType = text.plist.strings; name = sv; path = sv.lproj/Localizable.strings; sourceTree = "<group>"; };
		D17903BD2B288AF1004F5118 /* DataModel.xcdatamodel */ = {isa = PBXFileReference; lastKnownFileType = wrapper.xcdatamodel; path = DataModel.xcdatamodel; sourceTree = "<group>"; };
		D17903BF2B288C7C004F5118 /* MarkerEntity+CoreDataClass.swift */ = {isa = PBXFileReference; lastKnownFileType = sourcecode.swift; path = "MarkerEntity+CoreDataClass.swift"; sourceTree = "<group>"; };
		D17903C02B288C7C004F5118 /* MarkerEntity+CoreDataProperties.swift */ = {isa = PBXFileReference; lastKnownFileType = sourcecode.swift; path = "MarkerEntity+CoreDataProperties.swift"; sourceTree = "<group>"; };
		D17903C32B288F02004F5118 /* DataController.swift */ = {isa = PBXFileReference; lastKnownFileType = sourcecode.swift; path = DataController.swift; sourceTree = "<group>"; };
/* End PBXFileReference section */

/* Begin PBXFrameworksBuildPhase section */
		6A216A562B1F85F100DC661D /* Frameworks */ = {
			isa = PBXFrameworksBuildPhase;
			buildActionMask = 2147483647;
			files = (
			);
			runOnlyForDeploymentPostprocessing = 0;
		};
/* End PBXFrameworksBuildPhase section */

/* Begin PBXGroup section */
		6A216A502B1F85F100DC661D = {
			isa = PBXGroup;
			children = (
				D17903C32B288F02004F5118 /* DataController.swift */,
				D17903BF2B288C7C004F5118 /* MarkerEntity+CoreDataClass.swift */,
				D17903C02B288C7C004F5118 /* MarkerEntity+CoreDataProperties.swift */,
				D17903BC2B288AF1004F5118 /* DataModel.xcdatamodeld */,
				6A216A5B2B1F85F100DC661D /* firstMap */,
				6A216A5A2B1F85F100DC661D /* Products */,
			);
			sourceTree = "<group>";
		};
		6A216A5A2B1F85F100DC661D /* Products */ = {
			isa = PBXGroup;
			children = (
				6A216A592B1F85F100DC661D /* firstMap.app */,
			);
			name = Products;
			sourceTree = "<group>";
		};
		6A216A5B2B1F85F100DC661D /* firstMap */ = {
			isa = PBXGroup;
			children = (
				6A216A6C2B1F88A200DC661D /* Info.plist */,
				6A216A5C2B1F85F100DC661D /* firstMapApp.swift */,
				6A216A5E2B1F85F100DC661D /* ContentView.swift */,
				D17903B92B284AA1004F5118 /* Localizable.strings */,
				6A216A6A2B1F871800DC661D /* maps.swift */,
				6A216A602B1F85F400DC661D /* Assets.xcassets */,
				6A216A622B1F85F400DC661D /* Preview Content */,
			);
			path = firstMap;
			sourceTree = "<group>";
		};
		6A216A622B1F85F400DC661D /* Preview Content */ = {
			isa = PBXGroup;
			children = (
				6A216A632B1F85F400DC661D /* Preview Assets.xcassets */,
			);
			path = "Preview Content";
			sourceTree = "<group>";
		};
/* End PBXGroup section */

/* Begin PBXNativeTarget section */
		6A216A582B1F85F100DC661D /* firstMap */ = {
			isa = PBXNativeTarget;
			buildConfigurationList = 6A216A672B1F85F400DC661D /* Build configuration list for PBXNativeTarget "firstMap" */;
			buildPhases = (
				6A216A552B1F85F100DC661D /* Sources */,
				6A216A562B1F85F100DC661D /* Frameworks */,
				6A216A572B1F85F100DC661D /* Resources */,
			);
			buildRules = (
			);
			dependencies = (
			);
			name = firstMap;
			productName = firstMap;
			productReference = 6A216A592B1F85F100DC661D /* firstMap.app */;
			productType = "com.apple.product-type.application";
		};
/* End PBXNativeTarget section */

/* Begin PBXProject section */
		6A216A512B1F85F100DC661D /* Project object */ = {
			isa = PBXProject;
			attributes = {
				BuildIndependentTargetsInParallel = 1;
				LastSwiftUpdateCheck = 1430;
				LastUpgradeCheck = 1430;
				TargetAttributes = {
					6A216A582B1F85F100DC661D = {
						CreatedOnToolsVersion = 14.3.1;
					};
				};
			};
			buildConfigurationList = 6A216A542B1F85F100DC661D /* Build configuration list for PBXProject "firstMap" */;
			compatibilityVersion = "Xcode 14.0";
			developmentRegion = en;
			hasScannedForEncodings = 0;
			knownRegions = (
				en,
				Base,
				fi,
				sv,
			);
			mainGroup = 6A216A502B1F85F100DC661D;
			productRefGroup = 6A216A5A2B1F85F100DC661D /* Products */;
			projectDirPath = "";
			projectRoot = "";
			targets = (
				6A216A582B1F85F100DC661D /* firstMap */,
			);
		};
/* End PBXProject section */

/* Begin PBXResourcesBuildPhase section */
		6A216A572B1F85F100DC661D /* Resources */ = {
			isa = PBXResourcesBuildPhase;
			buildActionMask = 2147483647;
			files = (
				6A216A642B1F85F400DC661D /* Preview Assets.xcassets in Resources */,
				D17903B72B284AA1004F5118 /* Localizable.strings in Resources */,
				6A216A612B1F85F400DC661D /* Assets.xcassets in Resources */,
			);
			runOnlyForDeploymentPostprocessing = 0;
		};
/* End PBXResourcesBuildPhase section */

/* Begin PBXSourcesBuildPhase section */
		6A216A552B1F85F100DC661D /* Sources */ = {
			isa = PBXSourcesBuildPhase;
			buildActionMask = 2147483647;
			files = (
				D17903C42B288F02004F5118 /* DataController.swift in Sources */,
				6A216A5F2B1F85F100DC661D /* ContentView.swift in Sources */,
				D17903C12B288C7C004F5118 /* MarkerEntity+CoreDataClass.swift in Sources */,
				D17903BE2B288AF1004F5118 /* DataModel.xcdatamodeld in Sources */,
				6A216A5D2B1F85F100DC661D /* firstMapApp.swift in Sources */,
				D17903C22B288C7C004F5118 /* MarkerEntity+CoreDataProperties.swift in Sources */,
				6A216A6B2B1F871800DC661D /* maps.swift in Sources */,
			);
			runOnlyForDeploymentPostprocessing = 0;
		};
/* End PBXSourcesBuildPhase section */

/* Begin PBXVariantGroup section */
		D17903B92B284AA1004F5118 /* Localizable.strings */ = {
			isa = PBXVariantGroup;
			children = (
				D17903B82B284AA1004F5118 /* en */,
				D17903BA2B284EC7004F5118 /* fi */,
				D17903BB2B287920004F5118 /* sv */,
			);
			name = Localizable.strings;
			sourceTree = "<group>";
		};
/* End PBXVariantGroup section */

/* Begin XCBuildConfiguration section */
		6A216A652B1F85F400DC661D /* Debug */ = {
			isa = XCBuildConfiguration;
			buildSettings = {
				ALWAYS_SEARCH_USER_PATHS = NO;
				CLANG_ANALYZER_LOCALIZABILITY_NONLOCALIZED = YES;
				CLANG_ANALYZER_NONNULL = YES;
				CLANG_ANALYZER_NUMBER_OBJECT_CONVERSION = YES_AGGRESSIVE;
				CLANG_CXX_LANGUAGE_STANDARD = "gnu++20";
				CLANG_ENABLE_MODULES = YES;
				CLANG_ENABLE_OBJC_ARC = YES;
				CLANG_ENABLE_OBJC_WEAK = YES;
				CLANG_WARN_BLOCK_CAPTURE_AUTORELEASING = YES;
				CLANG_WARN_BOOL_CONVERSION = YES;
				CLANG_WARN_COMMA = YES;
				CLANG_WARN_CONSTANT_CONVERSION = YES;
				CLANG_WARN_DEPRECATED_OBJC_IMPLEMENTATIONS = YES;
				CLANG_WARN_DIRECT_OBJC_ISA_USAGE = YES_ERROR;
				CLANG_WARN_DOCUMENTATION_COMMENTS = YES;
				CLANG_WARN_EMPTY_BODY = YES;
				CLANG_WARN_ENUM_CONVERSION = YES;
				CLANG_WARN_INFINITE_RECURSION = YES;
				CLANG_WARN_INT_CONVERSION = YES;
				CLANG_WARN_NON_LITERAL_NULL_CONVERSION = YES;
				CLANG_WARN_OBJC_IMPLICIT_RETAIN_SELF = YES;
				CLANG_WARN_OBJC_LITERAL_CONVERSION = YES;
				CLANG_WARN_OBJC_ROOT_CLASS = YES_ERROR;
				CLANG_WARN_QUOTED_INCLUDE_IN_FRAMEWORK_HEADER = YES;
				CLANG_WARN_RANGE_LOOP_ANALYSIS = YES;
				CLANG_WARN_STRICT_PROTOTYPES = YES;
				CLANG_WARN_SUSPICIOUS_MOVE = YES;
				CLANG_WARN_UNGUARDED_AVAILABILITY = YES_AGGRESSIVE;
				CLANG_WARN_UNREACHABLE_CODE = YES;
				CLANG_WARN__DUPLICATE_METHOD_MATCH = YES;
				COPY_PHASE_STRIP = NO;
				DEBUG_INFORMATION_FORMAT = dwarf;
				ENABLE_STRICT_OBJC_MSGSEND = YES;
				ENABLE_TESTABILITY = YES;
				GCC_C_LANGUAGE_STANDARD = gnu11;
				GCC_DYNAMIC_NO_PIC = NO;
				GCC_NO_COMMON_BLOCKS = YES;
				GCC_OPTIMIZATION_LEVEL = 0;
				GCC_PREPROCESSOR_DEFINITIONS = (
					"DEBUG=1",
					"$(inherited)",
				);
				GCC_WARN_64_TO_32_BIT_CONVERSION = YES;
				GCC_WARN_ABOUT_RETURN_TYPE = YES_ERROR;
				GCC_WARN_UNDECLARED_SELECTOR = YES;
				GCC_WARN_UNINITIALIZED_AUTOS = YES_AGGRESSIVE;
				GCC_WARN_UNUSED_FUNCTION = YES;
				GCC_WARN_UNUSED_VARIABLE = YES;
				IPHONEOS_DEPLOYMENT_TARGET = 16.4;
				MTL_ENABLE_DEBUG_INFO = INCLUDE_SOURCE;
				MTL_FAST_MATH = YES;
				ONLY_ACTIVE_ARCH = YES;
				SDKROOT = iphoneos;
				SWIFT_ACTIVE_COMPILATION_CONDITIONS = DEBUG;
				SWIFT_OPTIMIZATION_LEVEL = "-Onone";
			};
			name = Debug;
		};
		6A216A662B1F85F400DC661D /* Release */ = {
			isa = XCBuildConfiguration;
			buildSettings = {
				ALWAYS_SEARCH_USER_PATHS = NO;
				CLANG_ANALYZER_LOCALIZABILITY_NONLOCALIZED = YES;
				CLANG_ANALYZER_NONNULL = YES;
				CLANG_ANALYZER_NUMBER_OBJECT_CONVERSION = YES_AGGRESSIVE;
				CLANG_CXX_LANGUAGE_STANDARD = "gnu++20";
				CLANG_ENABLE_MODULES = YES;
				CLANG_ENABLE_OBJC_ARC = YES;
				CLANG_ENABLE_OBJC_WEAK = YES;
				CLANG_WARN_BLOCK_CAPTURE_AUTORELEASING = YES;
				CLANG_WARN_BOOL_CONVERSION = YES;
				CLANG_WARN_COMMA = YES;
				CLANG_WARN_CONSTANT_CONVERSION = YES;
				CLANG_WARN_DEPRECATED_OBJC_IMPLEMENTATIONS = YES;
				CLANG_WARN_DIRECT_OBJC_ISA_USAGE = YES_ERROR;
				CLANG_WARN_DOCUMENTATION_COMMENTS = YES;
				CLANG_WARN_EMPTY_BODY = YES;
				CLANG_WARN_ENUM_CONVERSION = YES;
				CLANG_WARN_INFINITE_RECURSION = YES;
				CLANG_WARN_INT_CONVERSION = YES;
				CLANG_WARN_NON_LITERAL_NULL_CONVERSION = YES;
				CLANG_WARN_OBJC_IMPLICIT_RETAIN_SELF = YES;
				CLANG_WARN_OBJC_LITERAL_CONVERSION = YES;
				CLANG_WARN_OBJC_ROOT_CLASS = YES_ERROR;
				CLANG_WARN_QUOTED_INCLUDE_IN_FRAMEWORK_HEADER = YES;
				CLANG_WARN_RANGE_LOOP_ANALYSIS = YES;
				CLANG_WARN_STRICT_PROTOTYPES = YES;
				CLANG_WARN_SUSPICIOUS_MOVE = YES;
				CLANG_WARN_UNGUARDED_AVAILABILITY = YES_AGGRESSIVE;
				CLANG_WARN_UNREACHABLE_CODE = YES;
				CLANG_WARN__DUPLICATE_METHOD_MATCH = YES;
				COPY_PHASE_STRIP = NO;
				DEBUG_INFORMATION_FORMAT = "dwarf-with-dsym";
				ENABLE_NS_ASSERTIONS = NO;
				ENABLE_STRICT_OBJC_MSGSEND = YES;
				GCC_C_LANGUAGE_STANDARD = gnu11;
				GCC_NO_COMMON_BLOCKS = YES;
				GCC_WARN_64_TO_32_BIT_CONVERSION = YES;
				GCC_WARN_ABOUT_RETURN_TYPE = YES_ERROR;
				GCC_WARN_UNDECLARED_SELECTOR = YES;
				GCC_WARN_UNINITIALIZED_AUTOS = YES_AGGRESSIVE;
				GCC_WARN_UNUSED_FUNCTION = YES;
				GCC_WARN_UNUSED_VARIABLE = YES;
				IPHONEOS_DEPLOYMENT_TARGET = 16.4;
				MTL_ENABLE_DEBUG_INFO = NO;
				MTL_FAST_MATH = YES;
				SDKROOT = iphoneos;
				SWIFT_COMPILATION_MODE = wholemodule;
				SWIFT_OPTIMIZATION_LEVEL = "-O";
				VALIDATE_PRODUCT = YES;
			};
			name = Release;
		};
		6A216A682B1F85F400DC661D /* Debug */ = {
			isa = XCBuildConfiguration;
			buildSettings = {
				ASSETCATALOG_COMPILER_APPICON_NAME = AppIcon;
				ASSETCATALOG_COMPILER_GLOBAL_ACCENT_COLOR_NAME = AccentColor;
				CODE_SIGN_STYLE = Automatic;
				CURRENT_PROJECT_VERSION = 1;
				DEVELOPMENT_ASSET_PATHS = "\"firstMap/Preview Content\"";
				ENABLE_PREVIEWS = YES;
				GENERATE_INFOPLIST_FILE = YES;
				INFOPLIST_FILE = firstMap/Info.plist;
				INFOPLIST_KEY_UIApplicationSceneManifest_Generation = YES;
				INFOPLIST_KEY_UIApplicationSupportsIndirectInputEvents = YES;
				INFOPLIST_KEY_UILaunchScreen_Generation = YES;
				INFOPLIST_KEY_UISupportedInterfaceOrientations_iPad = "UIInterfaceOrientationPortrait UIInterfaceOrientationPortraitUpsideDown UIInterfaceOrientationLandscapeLeft UIInterfaceOrientationLandscapeRight";
				INFOPLIST_KEY_UISupportedInterfaceOrientations_iPhone = "UIInterfaceOrientationPortrait UIInterfaceOrientationLandscapeLeft UIInterfaceOrientationLandscapeRight";
				LD_RUNPATH_SEARCH_PATHS = (
					"$(inherited)",
					"@executable_path/Frameworks",
				);
				MARKETING_VERSION = 1.0;
				PRODUCT_BUNDLE_IDENTIFIER = com.test.firstMap;
				PRODUCT_NAME = "$(TARGET_NAME)";
				SWIFT_EMIT_LOC_STRINGS = YES;
				SWIFT_VERSION = 5.0;
				TARGETED_DEVICE_FAMILY = "1,2";
			};
			name = Debug;
		};
		6A216A692B1F85F400DC661D /* Release */ = {
			isa = XCBuildConfiguration;
			buildSettings = {
				ASSETCATALOG_COMPILER_APPICON_NAME = AppIcon;
				ASSETCATALOG_COMPILER_GLOBAL_ACCENT_COLOR_NAME = AccentColor;
				CODE_SIGN_STYLE = Automatic;
				CURRENT_PROJECT_VERSION = 1;
				DEVELOPMENT_ASSET_PATHS = "\"firstMap/Preview Content\"";
				ENABLE_PREVIEWS = YES;
				GENERATE_INFOPLIST_FILE = YES;
				INFOPLIST_FILE = firstMap/Info.plist;
				INFOPLIST_KEY_UIApplicationSceneManifest_Generation = YES;
				INFOPLIST_KEY_UIApplicationSupportsIndirectInputEvents = YES;
				INFOPLIST_KEY_UILaunchScreen_Generation = YES;
				INFOPLIST_KEY_UISupportedInterfaceOrientations_iPad = "UIInterfaceOrientationPortrait UIInterfaceOrientationPortraitUpsideDown UIInterfaceOrientationLandscapeLeft UIInterfaceOrientationLandscapeRight";
				INFOPLIST_KEY_UISupportedInterfaceOrientations_iPhone = "UIInterfaceOrientationPortrait UIInterfaceOrientationLandscapeLeft UIInterfaceOrientationLandscapeRight";
				LD_RUNPATH_SEARCH_PATHS = (
					"$(inherited)",
					"@executable_path/Frameworks",
				);
				MARKETING_VERSION = 1.0;
				PRODUCT_BUNDLE_IDENTIFIER = com.test.firstMap;
				PRODUCT_NAME = "$(TARGET_NAME)";
				SWIFT_EMIT_LOC_STRINGS = YES;
				SWIFT_VERSION = 5.0;
				TARGETED_DEVICE_FAMILY = "1,2";
			};
			name = Release;
		};
/* End XCBuildConfiguration section */

/* Begin XCConfigurationList section */
		6A216A542B1F85F100DC661D /* Build configuration list for PBXProject "firstMap" */ = {
			isa = XCConfigurationList;
			buildConfigurations = (
				6A216A652B1F85F400DC661D /* Debug */,
				6A216A662B1F85F400DC661D /* Release */,
			);
			defaultConfigurationIsVisible = 0;
			defaultConfigurationName = Release;
		};
		6A216A672B1F85F400DC661D /* Build configuration list for PBXNativeTarget "firstMap" */ = {
			isa = XCConfigurationList;
			buildConfigurations = (
				6A216A682B1F85F400DC661D /* Debug */,
				6A216A692B1F85F400DC661D /* Release */,
			);
			defaultConfigurationIsVisible = 0;
			defaultConfigurationName = Release;
		};
/* End XCConfigurationList section */

/* Begin XCVersionGroup section */
		D17903BC2B288AF1004F5118 /* DataModel.xcdatamodeld */ = {
			isa = XCVersionGroup;
			children = (
				D17903BD2B288AF1004F5118 /* DataModel.xcdatamodel */,
			);
			currentVersion = D17903BD2B288AF1004F5118 /* DataModel.xcdatamodel */;
			path = DataModel.xcdatamodeld;
			sourceTree = "<group>";
			versionGroupType = wrapper.xcdatamodel;
		};
/* End XCVersionGroup section */
	};
	rootObject = 6A216A512B1F85F100DC661D /* Project object */;
}
